
Microsoft Visual Studio Solution File, Format Version 12.00
# Visual Studio Version 16
VisualStudioVersion = 16.0.31105.61
MinimumVisualStudioVersion = 10.0.40219.1
Project("{FAE04EC0-301F-11D3-BF4B-00C04F79EFBC}") = "DataAccess", "DataAccess\DataAccess.csproj", "{BBD04479-7824-41E6-ACF1-8FB68477372A}"
EndProject
Project("{FAE04EC0-301F-11D3-BF4B-00C04F79EFBC}") = "Business", "Business\Business.csproj", "{D5AD4E81-0531-4174-8752-1A5F4B1282B8}"
EndProject
Project("{FAE04EC0-301F-11D3-BF4B-00C04F79EFBC}") = "Entities", "Entities\Entities.csproj", "{BC07A5F9-230E-4302-B318-E871D33E5905}"
EndProject
Project("{FAE04EC0-301F-11D3-BF4B-00C04F79EFBC}") = "ConsoleUI", "ConsoleUI\ConsoleUI.csproj", "{3AE724AD-6267-428C-AE18-490B4B50C560}"
EndProject
Global
	GlobalSection(SolutionConfigurationPlatforms) = preSolution
		Debug|Any CPU = Debug|Any CPU
		Release|Any CPU = Release|Any CPU
	EndGlobalSection
	GlobalSection(ProjectConfigurationPlatforms) = postSolution
		{BBD04479-7824-41E6-ACF1-8FB68477372A}.Debug|Any CPU.ActiveCfg = Debug|Any CPU
		{BBD04479-7824-41E6-ACF1-8FB68477372A}.Debug|Any CPU.Build.0 = Debug|Any CPU
		{BBD04479-7824-41E6-ACF1-8FB68477372A}.Release|Any CPU.ActiveCfg = Release|Any CPU
		{BBD04479-7824-41E6-ACF1-8FB68477372A}.Release|Any CPU.Build.0 = Release|Any CPU
		{D5AD4E81-0531-4174-8752-1A5F4B1282B8}.Debug|Any CPU.ActiveCfg = Debug|Any CPU
		{D5AD4E81-0531-4174-8752-1A5F4B1282B8}.Debug|Any CPU.Build.0 = Debug|Any CPU
		{D5AD4E81-0531-4174-8752-1A5F4B1282B8}.Release|Any CPU.ActiveCfg = Release|Any CPU
		{D5AD4E81-0531-4174-8752-1A5F4B1282B8}.Release|Any CPU.Build.0 = Release|Any CPU
		{BC07A5F9-230E-4302-B318-E871D33E5905}.Debug|Any CPU.ActiveCfg = Debug|Any CPU
		{BC07A5F9-230E-4302-B318-E871D33E5905}.Debug|Any CPU.Build.0 = Debug|Any CPU
		{BC07A5F9-230E-4302-B318-E871D33E5905}.Release|Any CPU.ActiveCfg = Release|Any CPU
		{BC07A5F9-230E-4302-B318-E871D33E5905}.Release|Any CPU.Build.0 = Release|Any CPU
		{3AE724AD-6267-428C-AE18-490B4B50C560}.Debug|Any CPU.ActiveCfg = Debug|Any CPU
		{3AE724AD-6267-428C-AE18-490B4B50C560}.Debug|Any CPU.Build.0 = Debug|Any CPU
		{3AE724AD-6267-428C-AE18-490B4B50C560}.Release|Any CPU.ActiveCfg = Release|Any CPU
		{3AE724AD-6267-428C-AE18-490B4B50C560}.Release|Any CPU.Build.0 = Release|Any CPU
	EndGlobalSection
	GlobalSection(SolutionProperties) = preSolution
		HideSolutionNode = FALSE
	EndGlobalSection
	GlobalSection(ExtensibilityGlobals) = postSolution
		SolutionGuid = {E4FBF0A9-64FB-4EDE-B61E-240F19CBE599}
	EndGlobalSection
EndGlobal
